
Microsoft Visual Studio Solution File, Format Version 12.00
# Visual Studio Version 16
VisualStudioVersion = 16.0.30002.166
MinimumVisualStudioVersion = 10.0.40219.1
Project("{FAE04EC0-301F-11D3-BF4B-00C04F79EFBC}") = "WindowsFormsApp1", "WindowsFormsApp1\WindowsFormsApp1.csproj", "{B22EC69B-3DFF-4906-A634-95068BDCF55C}"
EndProject
Global
	GlobalSection(SolutionConfigurationPlatforms) = preSolution
		Debug|Any CPU = Debug|Any CPU
		Release|Any CPU = Release|Any CPU
	EndGlobalSection
	GlobalSection(ProjectConfigurationPlatforms) = postSolution
		{B22EC69B-3DFF-4906-A634-95068BDCF55C}.Debug|Any CPU.ActiveCfg = Debug|Any CPU
		{B22EC69B-3DFF-4906-A634-95068BDCF55C}.Debug|Any CPU.Build.0 = Debug|Any CPU
		{B22EC69B-3DFF-4906-A634-95068BDCF55C}.Release|Any CPU.ActiveCfg = Release|Any CPU
		{B22EC69B-3DFF-4906-A634-95068BDCF55C}.Release|Any CPU.Build.0 = Release|Any CPU
	EndGlobalSection
	GlobalSection(SolutionProperties) = preSolution
		HideSolutionNode = FALSE
	EndGlobalSection
	GlobalSection(ExtensibilityGlobals) = postSolution
		SolutionGuid = {F418DEC4-000D-4B12-AEB8-2DD04A9C3377}
	EndGlobalSection
EndGlobal
